
Microsoft Visual Studio Solution File, Format Version 11.00
# Visual Studio 2010
Project("{FAE04EC0-301F-11D3-BF4B-00C04F79EFBC}") = "it.unifi.dsi.stlab.networkreasoner.model.rdfinterface", "it.unifi.dsi.stlab.networkreasoner.model.rdfinterface\it.unifi.dsi.stlab.networkreasoner.model.rdfinterface.csproj", "{035646F1-2131-4366-A526-A2E2F3A00A3D}"
EndProject
Project("{FAE04EC0-301F-11D3-BF4B-00C04F79EFBC}") = "it.unifi.dsi.stlab.networkreasoner.model.rdfinterface.tests", "it.unifi.dsi.stlab.networkreasoner.model.rdfinterface.tests\it.unifi.dsi.stlab.networkreasoner.model.rdfinterface.tests.csproj", "{192D5168-9F9B-4FC4-BD61-D3C32C8C52AB}"
EndProject
Project("{FAE04EC0-301F-11D3-BF4B-00C04F79EFBC}") = "it.unifi.dsi.stlab.networkreasoner.model.gas", "it.unifi.dsi.stlab.networkreasoner.model.gas\it.unifi.dsi.stlab.networkreasoner.model.gas.csproj", "{9B71E0F0-28C7-456B-870D-4D0C45F59846}"
EndProject
Project("{FAE04EC0-301F-11D3-BF4B-00C04F79EFBC}") = "it.unifi.dsi.stlab.networkreasoner.model.gas.tests", "it.unifi.dsi.stlab.networkreasoner.model.gas.tests\it.unifi.dsi.stlab.networkreasoner.model.gas.tests.csproj", "{8D391B05-4734-45F4-80B9-20CC61AC32BF}"
EndProject
Project("{FAE04EC0-301F-11D3-BF4B-00C04F79EFBC}") = "it.unifi.dsi.stlab.extension-methods", "it.unifi.dsi.stlab.extension-methods\it.unifi.dsi.stlab.extension-methods.csproj", "{1A93011C-4839-42D1-B6BB-6A96283291D5}"
EndProject
Project("{FAE04EC0-301F-11D3-BF4B-00C04F79EFBC}") = "it.unifi.dsi.stlab.exceptions", "it.unifi.dsi.stlab.exceptions\it.unifi.dsi.stlab.exceptions.csproj", "{14D86C4D-1649-4987-A74F-3044C20AD2E5}"
EndProject
Project("{FAE04EC0-301F-11D3-BF4B-00C04F79EFBC}") = "it.unifi.dsi.stlab.math.algebra", "it.unifi.dsi.stlab.math.algebra\it.unifi.dsi.stlab.math.algebra.csproj", "{19F7F487-F948-4BCE-AE70-CE28D685552E}"
EndProject
Project("{FAE04EC0-301F-11D3-BF4B-00C04F79EFBC}") = "it.unifi.dsi.stlab.math.algebra.tests", "it.unifi.dsi.stlab.math.algebra.tests\it.unifi.dsi.stlab.math.algebra.tests.csproj", "{49173546-6C23-4C9E-AD7B-396164558F02}"
EndProject
Project("{FAE04EC0-301F-11D3-BF4B-00C04F79EFBC}") = "it.unifi.dsi.stlab.networkreasoner.gas.system", "it.unifi.dsi.stlab.networkreasoner.gas.system\it.unifi.dsi.stlab.networkreasoner.gas.system.csproj", "{8BBA75A5-3698-4A00-8B81-E4F2BA3FECB5}"
EndProject
Project("{FAE04EC0-301F-11D3-BF4B-00C04F79EFBC}") = "it.unifi.dsi.stlab.networkreasoner.gas.system.tests", "it.unifi.dsi.stlab.networkreasoner.gas.system.tests\it.unifi.dsi.stlab.networkreasoner.gas.system.tests.csproj", "{C1A4EB8E-5C25-4F91-8615-6C0875F26B26}"
EndProject
Project("{FAE04EC0-301F-11D3-BF4B-00C04F79EFBC}") = "it.unifi.dsi.stlab.networkreasoner.gas.system.formulae", "it.unifi.dsi.stlab.networkreasoner.gas.system.formulae\it.unifi.dsi.stlab.networkreasoner.gas.system.formulae.csproj", "{345B08E4-A31F-4B3D-A7AE-52DAD2AC7C1A}"
EndProject
Project("{FAE04EC0-301F-11D3-BF4B-00C04F79EFBC}") = "it.unifi.dsi.stlab.networkreasoner.model.textualinterface", "it.unifi.dsi.stlab.networkreasoner.model.textualinterface\it.unifi.dsi.stlab.networkreasoner.model.textualinterface.csproj", "{B8312B0F-17B4-4685-B994-77495716FDCE}"
EndProject
Project("{FAE04EC0-301F-11D3-BF4B-00C04F79EFBC}") = "it.unifi.dsi.stlab.networkreasoner.model.textualinterface.tests", "it.unifi.dsi.stlab.networkreasoner.model.textualinterface.tests\it.unifi.dsi.stlab.networkreasoner.model.textualinterface.tests.csproj", "{57DB338D-CFC9-4C1C-881E-D87061221E9D}"
EndProject
Project("{FAE04EC0-301F-11D3-BF4B-00C04F79EFBC}") = "it.unifi.dsi.stlab.utilities", "it.unifi.dsi.stlab.utilities\it.unifi.dsi.stlab.utilities.csproj", "{6EB38DD0-7330-48CF-9350-F94F6638569E}"
EndProject
Project("{FAE04EC0-301F-11D3-BF4B-00C04F79EFBC}") = "it.unifi.dsi.stlab.recursion", "it.unifi.dsi.stlab.recursion\it.unifi.dsi.stlab.recursion.csproj", "{F0322E36-73B8-40F2-86CF-AECB32A69B65}"
EndProject
Project("{FAE04EC0-301F-11D3-BF4B-00C04F79EFBC}") = "it.unifi.dsi.stlab.networkreasoner.console.emacs", "it.unifi.dsi.stlab.networkreasoner.console.emacs\it.unifi.dsi.stlab.networkreasoner.console.emacs.csproj", "{20843D45-015B-44D8-A78C-3499E774E482}"
EndProject
Project("{FAE04EC0-301F-11D3-BF4B-00C04F79EFBC}") = "it.unifi.dsi.stlab.networkreasoner.gas.system.terranova", "it.unifi.dsi.stlab.networkreasoner.gas.system.terranova\it.unifi.dsi.stlab.networkreasoner.gas.system.terranova.csproj", "{F03D530B-161A-4597-8B59-C80BCFF18235}"
EndProject
Global
	GlobalSection(SolutionConfigurationPlatforms) = preSolution
		Debug|Any CPU = Debug|Any CPU
		Release|Any CPU = Release|Any CPU
	EndGlobalSection
	GlobalSection(ProjectConfigurationPlatforms) = postSolution
		{035646F1-2131-4366-A526-A2E2F3A00A3D}.Debug|Any CPU.ActiveCfg = Debug|Any CPU
		{035646F1-2131-4366-A526-A2E2F3A00A3D}.Debug|Any CPU.Build.0 = Debug|Any CPU
		{035646F1-2131-4366-A526-A2E2F3A00A3D}.Release|Any CPU.ActiveCfg = Release|Any CPU
		{035646F1-2131-4366-A526-A2E2F3A00A3D}.Release|Any CPU.Build.0 = Release|Any CPU
		{14D86C4D-1649-4987-A74F-3044C20AD2E5}.Debug|Any CPU.ActiveCfg = Debug|Any CPU
		{14D86C4D-1649-4987-A74F-3044C20AD2E5}.Debug|Any CPU.Build.0 = Debug|Any CPU
		{14D86C4D-1649-4987-A74F-3044C20AD2E5}.Release|Any CPU.ActiveCfg = Release|Any CPU
		{14D86C4D-1649-4987-A74F-3044C20AD2E5}.Release|Any CPU.Build.0 = Release|Any CPU
		{192D5168-9F9B-4FC4-BD61-D3C32C8C52AB}.Debug|Any CPU.ActiveCfg = Debug|Any CPU
		{192D5168-9F9B-4FC4-BD61-D3C32C8C52AB}.Debug|Any CPU.Build.0 = Debug|Any CPU
		{192D5168-9F9B-4FC4-BD61-D3C32C8C52AB}.Release|Any CPU.ActiveCfg = Release|Any CPU
		{192D5168-9F9B-4FC4-BD61-D3C32C8C52AB}.Release|Any CPU.Build.0 = Release|Any CPU
		{19F7F487-F948-4BCE-AE70-CE28D685552E}.Debug|Any CPU.ActiveCfg = Debug|Any CPU
		{19F7F487-F948-4BCE-AE70-CE28D685552E}.Debug|Any CPU.Build.0 = Debug|Any CPU
		{19F7F487-F948-4BCE-AE70-CE28D685552E}.Release|Any CPU.ActiveCfg = Release|Any CPU
		{19F7F487-F948-4BCE-AE70-CE28D685552E}.Release|Any CPU.Build.0 = Release|Any CPU
		{1A93011C-4839-42D1-B6BB-6A96283291D5}.Debug|Any CPU.ActiveCfg = Debug|Any CPU
		{1A93011C-4839-42D1-B6BB-6A96283291D5}.Debug|Any CPU.Build.0 = Debug|Any CPU
		{1A93011C-4839-42D1-B6BB-6A96283291D5}.Release|Any CPU.ActiveCfg = Release|Any CPU
		{1A93011C-4839-42D1-B6BB-6A96283291D5}.Release|Any CPU.Build.0 = Release|Any CPU
		{20843D45-015B-44D8-A78C-3499E774E482}.Debug|Any CPU.ActiveCfg = Debug|Any CPU
		{20843D45-015B-44D8-A78C-3499E774E482}.Debug|Any CPU.Build.0 = Debug|Any CPU
		{20843D45-015B-44D8-A78C-3499E774E482}.Release|Any CPU.ActiveCfg = Release|Any CPU
		{20843D45-015B-44D8-A78C-3499E774E482}.Release|Any CPU.Build.0 = Release|Any CPU
		{345B08E4-A31F-4B3D-A7AE-52DAD2AC7C1A}.Debug|Any CPU.ActiveCfg = Debug|Any CPU
		{345B08E4-A31F-4B3D-A7AE-52DAD2AC7C1A}.Debug|Any CPU.Build.0 = Debug|Any CPU
		{345B08E4-A31F-4B3D-A7AE-52DAD2AC7C1A}.Release|Any CPU.ActiveCfg = Release|Any CPU
		{345B08E4-A31F-4B3D-A7AE-52DAD2AC7C1A}.Release|Any CPU.Build.0 = Release|Any CPU
		{49173546-6C23-4C9E-AD7B-396164558F02}.Debug|Any CPU.ActiveCfg = Debug|Any CPU
		{49173546-6C23-4C9E-AD7B-396164558F02}.Debug|Any CPU.Build.0 = Debug|Any CPU
		{49173546-6C23-4C9E-AD7B-396164558F02}.Release|Any CPU.ActiveCfg = Release|Any CPU
		{49173546-6C23-4C9E-AD7B-396164558F02}.Release|Any CPU.Build.0 = Release|Any CPU
		{57DB338D-CFC9-4C1C-881E-D87061221E9D}.Debug|Any CPU.ActiveCfg = Debug|Any CPU
		{57DB338D-CFC9-4C1C-881E-D87061221E9D}.Debug|Any CPU.Build.0 = Debug|Any CPU
		{57DB338D-CFC9-4C1C-881E-D87061221E9D}.Release|Any CPU.ActiveCfg = Release|Any CPU
		{57DB338D-CFC9-4C1C-881E-D87061221E9D}.Release|Any CPU.Build.0 = Release|Any CPU
		{6EB38DD0-7330-48CF-9350-F94F6638569E}.Debug|Any CPU.ActiveCfg = Debug|Any CPU
		{6EB38DD0-7330-48CF-9350-F94F6638569E}.Debug|Any CPU.Build.0 = Debug|Any CPU
		{6EB38DD0-7330-48CF-9350-F94F6638569E}.Release|Any CPU.ActiveCfg = Release|Any CPU
		{6EB38DD0-7330-48CF-9350-F94F6638569E}.Release|Any CPU.Build.0 = Release|Any CPU
		{8BBA75A5-3698-4A00-8B81-E4F2BA3FECB5}.Debug|Any CPU.ActiveCfg = Debug|Any CPU
		{8BBA75A5-3698-4A00-8B81-E4F2BA3FECB5}.Debug|Any CPU.Build.0 = Debug|Any CPU
		{8BBA75A5-3698-4A00-8B81-E4F2BA3FECB5}.Release|Any CPU.ActiveCfg = Release|Any CPU
		{8BBA75A5-3698-4A00-8B81-E4F2BA3FECB5}.Release|Any CPU.Build.0 = Release|Any CPU
		{8D391B05-4734-45F4-80B9-20CC61AC32BF}.Debug|Any CPU.ActiveCfg = Debug|Any CPU
		{8D391B05-4734-45F4-80B9-20CC61AC32BF}.Debug|Any CPU.Build.0 = Debug|Any CPU
		{8D391B05-4734-45F4-80B9-20CC61AC32BF}.Release|Any CPU.ActiveCfg = Release|Any CPU
		{8D391B05-4734-45F4-80B9-20CC61AC32BF}.Release|Any CPU.Build.0 = Release|Any CPU
		{9B71E0F0-28C7-456B-870D-4D0C45F59846}.Debug|Any CPU.ActiveCfg = Debug|Any CPU
		{9B71E0F0-28C7-456B-870D-4D0C45F59846}.Debug|Any CPU.Build.0 = Debug|Any CPU
		{9B71E0F0-28C7-456B-870D-4D0C45F59846}.Release|Any CPU.ActiveCfg = Release|Any CPU
		{9B71E0F0-28C7-456B-870D-4D0C45F59846}.Release|Any CPU.Build.0 = Release|Any CPU
		{B8312B0F-17B4-4685-B994-77495716FDCE}.Debug|Any CPU.ActiveCfg = Debug|Any CPU
		{B8312B0F-17B4-4685-B994-77495716FDCE}.Debug|Any CPU.Build.0 = Debug|Any CPU
		{B8312B0F-17B4-4685-B994-77495716FDCE}.Release|Any CPU.ActiveCfg = Release|Any CPU
		{B8312B0F-17B4-4685-B994-77495716FDCE}.Release|Any CPU.Build.0 = Release|Any CPU
		{C1A4EB8E-5C25-4F91-8615-6C0875F26B26}.Debug|Any CPU.ActiveCfg = Debug|Any CPU
		{C1A4EB8E-5C25-4F91-8615-6C0875F26B26}.Debug|Any CPU.Build.0 = Debug|Any CPU
		{C1A4EB8E-5C25-4F91-8615-6C0875F26B26}.Release|Any CPU.ActiveCfg = Release|Any CPU
		{C1A4EB8E-5C25-4F91-8615-6C0875F26B26}.Release|Any CPU.Build.0 = Release|Any CPU
		{F0322E36-73B8-40F2-86CF-AECB32A69B65}.Debug|Any CPU.ActiveCfg = Debug|Any CPU
		{F0322E36-73B8-40F2-86CF-AECB32A69B65}.Debug|Any CPU.Build.0 = Debug|Any CPU
		{F0322E36-73B8-40F2-86CF-AECB32A69B65}.Release|Any CPU.ActiveCfg = Release|Any CPU
		{F0322E36-73B8-40F2-86CF-AECB32A69B65}.Release|Any CPU.Build.0 = Release|Any CPU
		{F03D530B-161A-4597-8B59-C80BCFF18235}.Debug|Any CPU.ActiveCfg = Debug|Any CPU
		{F03D530B-161A-4597-8B59-C80BCFF18235}.Debug|Any CPU.Build.0 = Debug|Any CPU
		{F03D530B-161A-4597-8B59-C80BCFF18235}.Release|Any CPU.ActiveCfg = Release|Any CPU
		{F03D530B-161A-4597-8B59-C80BCFF18235}.Release|Any CPU.Build.0 = Release|Any CPU
	EndGlobalSection
	GlobalSection(MonoDevelopProperties) = preSolution
		StartupItem = it.unifi.dsi.stlab.networkreasoner.model.rdfinterface\it.unifi.dsi.stlab.networkreasoner.model.rdfinterface.csproj
	EndGlobalSection
EndGlobal
